
Microsoft Visual Studio Solution File, Format Version 12.00
# Visual Studio 15
VisualStudioVersion = 15.0.27004.2002
MinimumVisualStudioVersion = 10.0.40219.1
Project("{FAE04EC0-301F-11D3-BF4B-00C04F79EFBC}") = "MostraRota.Android", "MostraRota\MostraRota.Android\MostraRota.Android.csproj", "{40F1826C-14B3-4BBB-BC05-6ED47FFC3B82}"
EndProject
Project("{FAE04EC0-301F-11D3-BF4B-00C04F79EFBC}") = "MostraRota", "MostraRota\MostraRota\MostraRota.csproj", "{F523A6F4-491C-4498-B89D-281DEA251D5B}"
EndProject
Project("{FAE04EC0-301F-11D3-BF4B-00C04F79EFBC}") = "MostraRota.UWP", "MostraRota\MostraRota.UWP\MostraRota.UWP.csproj", "{E6C90248-1E25-4E46-9C0F-14C130525E5C}"
EndProject
Project("{FAE04EC0-301F-11D3-BF4B-00C04F79EFBC}") = "MostraRota.iOS", "MostraRota\MostraRota.iOS\MostraRota.iOS.csproj", "{AA42077C-1C43-4CA0-AEF2-848085F6B93A}"
EndProject
Global
	GlobalSection(SolutionConfigurationPlatforms) = preSolution
		Ad-Hoc|Any CPU = Ad-Hoc|Any CPU
		Ad-Hoc|ARM = Ad-Hoc|ARM
		Ad-Hoc|iPhone = Ad-Hoc|iPhone
		Ad-Hoc|iPhoneSimulator = Ad-Hoc|iPhoneSimulator
		Ad-Hoc|x64 = Ad-Hoc|x64
		Ad-Hoc|x86 = Ad-Hoc|x86
		AppStore|Any CPU = AppStore|Any CPU
		AppStore|ARM = AppStore|ARM
		AppStore|iPhone = AppStore|iPhone
		AppStore|iPhoneSimulator = AppStore|iPhoneSimulator
		AppStore|x64 = AppStore|x64
		AppStore|x86 = AppStore|x86
		Debug|Any CPU = Debug|Any CPU
		Debug|ARM = Debug|ARM
		Debug|iPhone = Debug|iPhone
		Debug|iPhoneSimulator = Debug|iPhoneSimulator
		Debug|x64 = Debug|x64
		Debug|x86 = Debug|x86
		Release|Any CPU = Release|Any CPU
		Release|ARM = Release|ARM
		Release|iPhone = Release|iPhone
		Release|iPhoneSimulator = Release|iPhoneSimulator
		Release|x64 = Release|x64
		Release|x86 = Release|x86
	EndGlobalSection
	GlobalSection(ProjectConfigurationPlatforms) = postSolution
		{40F1826C-14B3-4BBB-BC05-6ED47FFC3B82}.Ad-Hoc|Any CPU.ActiveCfg = Release|Any CPU
		{40F1826C-14B3-4BBB-BC05-6ED47FFC3B82}.Ad-Hoc|Any CPU.Build.0 = Release|Any CPU
		{40F1826C-14B3-4BBB-BC05-6ED47FFC3B82}.Ad-Hoc|Any CPU.Deploy.0 = Release|Any CPU
		{40F1826C-14B3-4BBB-BC05-6ED47FFC3B82}.Ad-Hoc|ARM.ActiveCfg = Release|Any CPU
		{40F1826C-14B3-4BBB-BC05-6ED47FFC3B82}.Ad-Hoc|ARM.Build.0 = Release|Any CPU
		{40F1826C-14B3-4BBB-BC05-6ED47FFC3B82}.Ad-Hoc|ARM.Deploy.0 = Release|Any CPU
		{40F1826C-14B3-4BBB-BC05-6ED47FFC3B82}.Ad-Hoc|iPhone.ActiveCfg = Release|Any CPU
		{40F1826C-14B3-4BBB-BC05-6ED47FFC3B82}.Ad-Hoc|iPhone.Build.0 = Release|Any CPU
		{40F1826C-14B3-4BBB-BC05-6ED47FFC3B82}.Ad-Hoc|iPhone.Deploy.0 = Release|Any CPU
		{40F1826C-14B3-4BBB-BC05-6ED47FFC3B82}.Ad-Hoc|iPhoneSimulator.ActiveCfg = Release|Any CPU
		{40F1826C-14B3-4BBB-BC05-6ED47FFC3B82}.Ad-Hoc|iPhoneSimulator.Build.0 = Release|Any CPU
		{40F1826C-14B3-4BBB-BC05-6ED47FFC3B82}.Ad-Hoc|iPhoneSimulator.Deploy.0 = Release|Any CPU
		{40F1826C-14B3-4BBB-BC05-6ED47FFC3B82}.Ad-Hoc|x64.ActiveCfg = Release|Any CPU
		{40F1826C-14B3-4BBB-BC05-6ED47FFC3B82}.Ad-Hoc|x64.Build.0 = Release|Any CPU
		{40F1826C-14B3-4BBB-BC05-6ED47FFC3B82}.Ad-Hoc|x64.Deploy.0 = Release|Any CPU
		{40F1826C-14B3-4BBB-BC05-6ED47FFC3B82}.Ad-Hoc|x86.ActiveCfg = Release|Any CPU
		{40F1826C-14B3-4BBB-BC05-6ED47FFC3B82}.Ad-Hoc|x86.Build.0 = Release|Any CPU
		{40F1826C-14B3-4BBB-BC05-6ED47FFC3B82}.Ad-Hoc|x86.Deploy.0 = Release|Any CPU
		{40F1826C-14B3-4BBB-BC05-6ED47FFC3B82}.AppStore|Any CPU.ActiveCfg = Release|Any CPU
		{40F1826C-14B3-4BBB-BC05-6ED47FFC3B82}.AppStore|Any CPU.Build.0 = Release|Any CPU
		{40F1826C-14B3-4BBB-BC05-6ED47FFC3B82}.AppStore|Any CPU.Deploy.0 = Release|Any CPU
		{40F1826C-14B3-4BBB-BC05-6ED47FFC3B82}.AppStore|ARM.ActiveCfg = Release|Any CPU
		{40F1826C-14B3-4BBB-BC05-6ED47FFC3B82}.AppStore|ARM.Build.0 = Release|Any CPU
		{40F1826C-14B3-4BBB-BC05-6ED47FFC3B82}.AppStore|ARM.Deploy.0 = Release|Any CPU
		{40F1826C-14B3-4BBB-BC05-6ED47FFC3B82}.AppStore|iPhone.ActiveCfg = Release|Any CPU
		{40F1826C-14B3-4BBB-BC05-6ED47FFC3B82}.AppStore|iPhone.Build.0 = Release|Any CPU
		{40F1826C-14B3-4BBB-BC05-6ED47FFC3B82}.AppStore|iPhone.Deploy.0 = Release|Any CPU
		{40F1826C-14B3-4BBB-BC05-6ED47FFC3B82}.AppStore|iPhoneSimulator.ActiveCfg = Release|Any CPU
		{40F1826C-14B3-4BBB-BC05-6ED47FFC3B82}.AppStore|iPhoneSimulator.Build.0 = Release|Any CPU
		{40F1826C-14B3-4BBB-BC05-6ED47FFC3B82}.AppStore|iPhoneSimulator.Deploy.0 = Release|Any CPU
		{40F1826C-14B3-4BBB-BC05-6ED47FFC3B82}.AppStore|x64.ActiveCfg = Release|Any CPU
		{40F1826C-14B3-4BBB-BC05-6ED47FFC3B82}.AppStore|x64.Build.0 = Release|Any CPU
		{40F1826C-14B3-4BBB-BC05-6ED47FFC3B82}.AppStore|x64.Deploy.0 = Release|Any CPU
		{40F1826C-14B3-4BBB-BC05-6ED47FFC3B82}.AppStore|x86.ActiveCfg = Release|Any CPU
		{40F1826C-14B3-4BBB-BC05-6ED47FFC3B82}.AppStore|x86.Build.0 = Release|Any CPU
		{40F1826C-14B3-4BBB-BC05-6ED47FFC3B82}.AppStore|x86.Deploy.0 = Release|Any CPU
		{40F1826C-14B3-4BBB-BC05-6ED47FFC3B82}.Debug|Any CPU.ActiveCfg = Debug|Any CPU
		{40F1826C-14B3-4BBB-BC05-6ED47FFC3B82}.Debug|Any CPU.Build.0 = Debug|Any CPU
		{40F1826C-14B3-4BBB-BC05-6ED47FFC3B82}.Debug|Any CPU.Deploy.0 = Debug|Any CPU
		{40F1826C-14B3-4BBB-BC05-6ED47FFC3B82}.Debug|ARM.ActiveCfg = Debug|Any CPU
		{40F1826C-14B3-4BBB-BC05-6ED47FFC3B82}.Debug|ARM.Build.0 = Debug|Any CPU
		{40F1826C-14B3-4BBB-BC05-6ED47FFC3B82}.Debug|ARM.Deploy.0 = Debug|Any CPU
		{40F1826C-14B3-4BBB-BC05-6ED47FFC3B82}.Debug|iPhone.ActiveCfg = Debug|Any CPU
		{40F1826C-14B3-4BBB-BC05-6ED47FFC3B82}.Debug|iPhone.Build.0 = Debug|Any CPU
		{40F1826C-14B3-4BBB-BC05-6ED47FFC3B82}.Debug|iPhone.Deploy.0 = Debug|Any CPU
		{40F1826C-14B3-4BBB-BC05-6ED47FFC3B82}.Debug|iPhoneSimulator.ActiveCfg = Debug|Any CPU
		{40F1826C-14B3-4BBB-BC05-6ED47FFC3B82}.Debug|iPhoneSimulator.Build.0 = Debug|Any CPU
		{40F1826C-14B3-4BBB-BC05-6ED47FFC3B82}.Debug|iPhoneSimulator.Deploy.0 = Debug|Any CPU
		{40F1826C-14B3-4BBB-BC05-6ED47FFC3B82}.Debug|x64.ActiveCfg = Debug|Any CPU
		{40F1826C-14B3-4BBB-BC05-6ED47FFC3B82}.Debug|x64.Build.0 = Debug|Any CPU
		{40F1826C-14B3-4BBB-BC05-6ED47FFC3B82}.Debug|x64.Deploy.0 = Debug|Any CPU
		{40F1826C-14B3-4BBB-BC05-6ED47FFC3B82}.Debug|x86.ActiveCfg = Debug|Any CPU
		{40F1826C-14B3-4BBB-BC05-6ED47FFC3B82}.Debug|x86.Build.0 = Debug|Any CPU
		{40F1826C-14B3-4BBB-BC05-6ED47FFC3B82}.Debug|x86.Deploy.0 = Debug|Any CPU
		{40F1826C-14B3-4BBB-BC05-6ED47FFC3B82}.Release|Any CPU.ActiveCfg = Release|Any CPU
		{40F1826C-14B3-4BBB-BC05-6ED47FFC3B82}.Release|Any CPU.Build.0 = Release|Any CPU
		{40F1826C-14B3-4BBB-BC05-6ED47FFC3B82}.Release|Any CPU.Deploy.0 = Release|Any CPU
		{40F1826C-14B3-4BBB-BC05-6ED47FFC3B82}.Release|ARM.ActiveCfg = Release|Any CPU
		{40F1826C-14B3-4BBB-BC05-6ED47FFC3B82}.Release|ARM.Build.0 = Release|Any CPU
		{40F1826C-14B3-4BBB-BC05-6ED47FFC3B82}.Release|ARM.Deploy.0 = Release|Any CPU
		{40F1826C-14B3-4BBB-BC05-6ED47FFC3B82}.Release|iPhone.ActiveCfg = Release|Any CPU
		{40F1826C-14B3-4BBB-BC05-6ED47FFC3B82}.Release|iPhone.Build.0 = Release|Any CPU
		{40F1826C-14B3-4BBB-BC05-6ED47FFC3B82}.Release|iPhone.Deploy.0 = Release|Any CPU
		{40F1826C-14B3-4BBB-BC05-6ED47FFC3B82}.Release|iPhoneSimulator.ActiveCfg = Release|Any CPU
		{40F1826C-14B3-4BBB-BC05-6ED47FFC3B82}.Release|iPhoneSimulator.Build.0 = Release|Any CPU
		{40F1826C-14B3-4BBB-BC05-6ED47FFC3B82}.Release|iPhoneSimulator.Deploy.0 = Release|Any CPU
		{40F1826C-14B3-4BBB-BC05-6ED47FFC3B82}.Release|x64.ActiveCfg = Release|Any CPU
		{40F1826C-14B3-4BBB-BC05-6ED47FFC3B82}.Release|x64.Build.0 = Release|Any CPU
		{40F1826C-14B3-4BBB-BC05-6ED47FFC3B82}.Release|x64.Deploy.0 = Release|Any CPU
		{40F1826C-14B3-4BBB-BC05-6ED47FFC3B82}.Release|x86.ActiveCfg = Release|Any CPU
		{40F1826C-14B3-4BBB-BC05-6ED47FFC3B82}.Release|x86.Build.0 = Release|Any CPU
		{40F1826C-14B3-4BBB-BC05-6ED47FFC3B82}.Release|x86.Deploy.0 = Release|Any CPU
		{F523A6F4-491C-4498-B89D-281DEA251D5B}.Ad-Hoc|Any CPU.ActiveCfg = Release|Any CPU
		{F523A6F4-491C-4498-B89D-281DEA251D5B}.Ad-Hoc|Any CPU.Build.0 = Release|Any CPU
		{F523A6F4-491C-4498-B89D-281DEA251D5B}.Ad-Hoc|ARM.ActiveCfg = Release|Any CPU
		{F523A6F4-491C-4498-B89D-281DEA251D5B}.Ad-Hoc|ARM.Build.0 = Release|Any CPU
		{F523A6F4-491C-4498-B89D-281DEA251D5B}.Ad-Hoc|iPhone.ActiveCfg = Release|Any CPU
		{F523A6F4-491C-4498-B89D-281DEA251D5B}.Ad-Hoc|iPhone.Build.0 = Release|Any CPU
		{F523A6F4-491C-4498-B89D-281DEA251D5B}.Ad-Hoc|iPhoneSimulator.ActiveCfg = Release|Any CPU
		{F523A6F4-491C-4498-B89D-281DEA251D5B}.Ad-Hoc|iPhoneSimulator.Build.0 = Release|Any CPU
		{F523A6F4-491C-4498-B89D-281DEA251D5B}.Ad-Hoc|x64.ActiveCfg = Release|Any CPU
		{F523A6F4-491C-4498-B89D-281DEA251D5B}.Ad-Hoc|x64.Build.0 = Release|Any CPU
		{F523A6F4-491C-4498-B89D-281DEA251D5B}.Ad-Hoc|x86.ActiveCfg = Release|Any CPU
		{F523A6F4-491C-4498-B89D-281DEA251D5B}.Ad-Hoc|x86.Build.0 = Release|Any CPU
		{F523A6F4-491C-4498-B89D-281DEA251D5B}.AppStore|Any CPU.ActiveCfg = Release|Any CPU
		{F523A6F4-491C-4498-B89D-281DEA251D5B}.AppStore|Any CPU.Build.0 = Release|Any CPU
		{F523A6F4-491C-4498-B89D-281DEA251D5B}.AppStore|ARM.ActiveCfg = Release|Any CPU
		{F523A6F4-491C-4498-B89D-281DEA251D5B}.AppStore|ARM.Build.0 = Release|Any CPU
		{F523A6F4-491C-4498-B89D-281DEA251D5B}.AppStore|iPhone.ActiveCfg = Release|Any CPU
		{F523A6F4-491C-4498-B89D-281DEA251D5B}.AppStore|iPhone.Build.0 = Release|Any CPU
		{F523A6F4-491C-4498-B89D-281DEA251D5B}.AppStore|iPhoneSimulator.ActiveCfg = Release|Any CPU
		{F523A6F4-491C-4498-B89D-281DEA251D5B}.AppStore|iPhoneSimulator.Build.0 = Release|Any CPU
		{F523A6F4-491C-4498-B89D-281DEA251D5B}.AppStore|x64.ActiveCfg = Release|Any CPU
		{F523A6F4-491C-4498-B89D-281DEA251D5B}.AppStore|x64.Build.0 = Release|Any CPU
		{F523A6F4-491C-4498-B89D-281DEA251D5B}.AppStore|x86.ActiveCfg = Release|Any CPU
		{F523A6F4-491C-4498-B89D-281DEA251D5B}.AppStore|x86.Build.0 = Release|Any CPU
		{F523A6F4-491C-4498-B89D-281DEA251D5B}.Debug|Any CPU.ActiveCfg = Debug|Any CPU
		{F523A6F4-491C-4498-B89D-281DEA251D5B}.Debug|Any CPU.Build.0 = Debug|Any CPU
		{F523A6F4-491C-4498-B89D-281DEA251D5B}.Debug|ARM.ActiveCfg = Debug|Any CPU
		{F523A6F4-491C-4498-B89D-281DEA251D5B}.Debug|ARM.Build.0 = Debug|Any CPU
		{F523A6F4-491C-4498-B89D-281DEA251D5B}.Debug|iPhone.ActiveCfg = Debug|Any CPU
		{F523A6F4-491C-4498-B89D-281DEA251D5B}.Debug|iPhone.Build.0 = Debug|Any CPU
		{F523A6F4-491C-4498-B89D-281DEA251D5B}.Debug|iPhoneSimulator.ActiveCfg = Debug|Any CPU
		{F523A6F4-491C-4498-B89D-281DEA251D5B}.Debug|iPhoneSimulator.Build.0 = Debug|Any CPU
		{F523A6F4-491C-4498-B89D-281DEA251D5B}.Debug|x64.ActiveCfg = Debug|Any CPU
		{F523A6F4-491C-4498-B89D-281DEA251D5B}.Debug|x64.Build.0 = Debug|Any CPU
		{F523A6F4-491C-4498-B89D-281DEA251D5B}.Debug|x86.ActiveCfg = Debug|Any CPU
		{F523A6F4-491C-4498-B89D-281DEA251D5B}.Debug|x86.Build.0 = Debug|Any CPU
		{F523A6F4-491C-4498-B89D-281DEA251D5B}.Release|Any CPU.ActiveCfg = Release|Any CPU
		{F523A6F4-491C-4498-B89D-281DEA251D5B}.Release|Any CPU.Build.0 = Release|Any CPU
		{F523A6F4-491C-4498-B89D-281DEA251D5B}.Release|ARM.ActiveCfg = Release|Any CPU
		{F523A6F4-491C-4498-B89D-281DEA251D5B}.Release|ARM.Build.0 = Release|Any CPU
		{F523A6F4-491C-4498-B89D-281DEA251D5B}.Release|iPhone.ActiveCfg = Release|Any CPU
		{F523A6F4-491C-4498-B89D-281DEA251D5B}.Release|iPhone.Build.0 = Release|Any CPU
		{F523A6F4-491C-4498-B89D-281DEA251D5B}.Release|iPhoneSimulator.ActiveCfg = Release|Any CPU
		{F523A6F4-491C-4498-B89D-281DEA251D5B}.Release|iPhoneSimulator.Build.0 = Release|Any CPU
		{F523A6F4-491C-4498-B89D-281DEA251D5B}.Release|x64.ActiveCfg = Release|Any CPU
		{F523A6F4-491C-4498-B89D-281DEA251D5B}.Release|x64.Build.0 = Release|Any CPU
		{F523A6F4-491C-4498-B89D-281DEA251D5B}.Release|x86.ActiveCfg = Release|Any CPU
		{F523A6F4-491C-4498-B89D-281DEA251D5B}.Release|x86.Build.0 = Release|Any CPU
		{E6C90248-1E25-4E46-9C0F-14C130525E5C}.Ad-Hoc|Any CPU.ActiveCfg = Release|x86
		{E6C90248-1E25-4E46-9C0F-14C130525E5C}.Ad-Hoc|Any CPU.Build.0 = Release|x86
		{E6C90248-1E25-4E46-9C0F-14C130525E5C}.Ad-Hoc|Any CPU.Deploy.0 = Release|x86
		{E6C90248-1E25-4E46-9C0F-14C130525E5C}.Ad-Hoc|ARM.ActiveCfg = Release|ARM
		{E6C90248-1E25-4E46-9C0F-14C130525E5C}.Ad-Hoc|ARM.Build.0 = Release|ARM
		{E6C90248-1E25-4E46-9C0F-14C130525E5C}.Ad-Hoc|ARM.Deploy.0 = Release|ARM
		{E6C90248-1E25-4E46-9C0F-14C130525E5C}.Ad-Hoc|iPhone.ActiveCfg = Release|x86
		{E6C90248-1E25-4E46-9C0F-14C130525E5C}.Ad-Hoc|iPhone.Build.0 = Release|x86
		{E6C90248-1E25-4E46-9C0F-14C130525E5C}.Ad-Hoc|iPhone.Deploy.0 = Release|x86
		{E6C90248-1E25-4E46-9C0F-14C130525E5C}.Ad-Hoc|iPhoneSimulator.ActiveCfg = Release|x86
		{E6C90248-1E25-4E46-9C0F-14C130525E5C}.Ad-Hoc|iPhoneSimulator.Build.0 = Release|x86
		{E6C90248-1E25-4E46-9C0F-14C130525E5C}.Ad-Hoc|iPhoneSimulator.Deploy.0 = Release|x86
		{E6C90248-1E25-4E46-9C0F-14C130525E5C}.Ad-Hoc|x64.ActiveCfg = Release|x64
		{E6C90248-1E25-4E46-9C0F-14C130525E5C}.Ad-Hoc|x64.Build.0 = Release|x64
		{E6C90248-1E25-4E46-9C0F-14C130525E5C}.Ad-Hoc|x64.Deploy.0 = Release|x64
		{E6C90248-1E25-4E46-9C0F-14C130525E5C}.Ad-Hoc|x86.ActiveCfg = Release|x86
		{E6C90248-1E25-4E46-9C0F-14C130525E5C}.Ad-Hoc|x86.Build.0 = Release|x86
		{E6C90248-1E25-4E46-9C0F-14C130525E5C}.Ad-Hoc|x86.Deploy.0 = Release|x86
		{E6C90248-1E25-4E46-9C0F-14C130525E5C}.AppStore|Any CPU.ActiveCfg = Release|x86
		{E6C90248-1E25-4E46-9C0F-14C130525E5C}.AppStore|Any CPU.Build.0 = Release|x86
		{E6C90248-1E25-4E46-9C0F-14C130525E5C}.AppStore|Any CPU.Deploy.0 = Release|x86
		{E6C90248-1E25-4E46-9C0F-14C130525E5C}.AppStore|ARM.ActiveCfg = Release|ARM
		{E6C90248-1E25-4E46-9C0F-14C130525E5C}.AppStore|ARM.Build.0 = Release|ARM
		{E6C90248-1E25-4E46-9C0F-14C130525E5C}.AppStore|ARM.Deploy.0 = Release|ARM
		{E6C90248-1E25-4E46-9C0F-14C130525E5C}.AppStore|iPhone.ActiveCfg = Release|x86
		{E6C90248-1E25-4E46-9C0F-14C130525E5C}.AppStore|iPhone.Build.0 = Release|x86
		{E6C90248-1E25-4E46-9C0F-14C130525E5C}.AppStore|iPhone.Deploy.0 = Release|x86
		{E6C90248-1E25-4E46-9C0F-14C130525E5C}.AppStore|iPhoneSimulator.ActiveCfg = Release|x86
		{E6C90248-1E25-4E46-9C0F-14C130525E5C}.AppStore|iPhoneSimulator.Build.0 = Release|x86
		{E6C90248-1E25-4E46-9C0F-14C130525E5C}.AppStore|iPhoneSimulator.Deploy.0 = Release|x86
		{E6C90248-1E25-4E46-9C0F-14C130525E5C}.AppStore|x64.ActiveCfg = Release|x64
		{E6C90248-1E25-4E46-9C0F-14C130525E5C}.AppStore|x64.Build.0 = Release|x64
		{E6C90248-1E25-4E46-9C0F-14C130525E5C}.AppStore|x64.Deploy.0 = Release|x64
		{E6C90248-1E25-4E46-9C0F-14C130525E5C}.AppStore|x86.ActiveCfg = Release|x86
		{E6C90248-1E25-4E46-9C0F-14C130525E5C}.AppStore|x86.Build.0 = Release|x86
		{E6C90248-1E25-4E46-9C0F-14C130525E5C}.AppStore|x86.Deploy.0 = Release|x86
		{E6C90248-1E25-4E46-9C0F-14C130525E5C}.Debug|Any CPU.ActiveCfg = Debug|x86
		{E6C90248-1E25-4E46-9C0F-14C130525E5C}.Debug|ARM.ActiveCfg = Debug|ARM
		{E6C90248-1E25-4E46-9C0F-14C130525E5C}.Debug|ARM.Build.0 = Debug|ARM
		{E6C90248-1E25-4E46-9C0F-14C130525E5C}.Debug|ARM.Deploy.0 = Debug|ARM
		{E6C90248-1E25-4E46-9C0F-14C130525E5C}.Debug|iPhone.ActiveCfg = Debug|x86
		{E6C90248-1E25-4E46-9C0F-14C130525E5C}.Debug|iPhoneSimulator.ActiveCfg = Debug|x86
		{E6C90248-1E25-4E46-9C0F-14C130525E5C}.Debug|x64.ActiveCfg = Debug|x64
		{E6C90248-1E25-4E46-9C0F-14C130525E5C}.Debug|x64.Build.0 = Debug|x64
		{E6C90248-1E25-4E46-9C0F-14C130525E5C}.Debug|x64.Deploy.0 = Debug|x64
		{E6C90248-1E25-4E46-9C0F-14C130525E5C}.Debug|x86.ActiveCfg = Debug|x86
		{E6C90248-1E25-4E46-9C0F-14C130525E5C}.Debug|x86.Build.0 = Debug|x86
		{E6C90248-1E25-4E46-9C0F-14C130525E5C}.Debug|x86.Deploy.0 = Debug|x86
		{E6C90248-1E25-4E46-9C0F-14C130525E5C}.Release|Any CPU.ActiveCfg = Release|x86
		{E6C90248-1E25-4E46-9C0F-14C130525E5C}.Release|ARM.ActiveCfg = Release|ARM
		{E6C90248-1E25-4E46-9C0F-14C130525E5C}.Release|ARM.Build.0 = Release|ARM
		{E6C90248-1E25-4E46-9C0F-14C130525E5C}.Release|ARM.Deploy.0 = Release|ARM
		{E6C90248-1E25-4E46-9C0F-14C130525E5C}.Release|iPhone.ActiveCfg = Release|x86
		{E6C90248-1E25-4E46-9C0F-14C130525E5C}.Release|iPhoneSimulator.ActiveCfg = Release|x86
		{E6C90248-1E25-4E46-9C0F-14C130525E5C}.Release|x64.ActiveCfg = Release|x64
		{E6C90248-1E25-4E46-9C0F-14C130525E5C}.Release|x64.Build.0 = Release|x64
		{E6C90248-1E25-4E46-9C0F-14C130525E5C}.Release|x64.Deploy.0 = Release|x64
		{E6C90248-1E25-4E46-9C0F-14C130525E5C}.Release|x86.ActiveCfg = Release|x86
		{E6C90248-1E25-4E46-9C0F-14C130525E5C}.Release|x86.Build.0 = Release|x86
		{E6C90248-1E25-4E46-9C0F-14C130525E5C}.Release|x86.Deploy.0 = Release|x86
		{AA42077C-1C43-4CA0-AEF2-848085F6B93A}.Ad-Hoc|Any CPU.ActiveCfg = Ad-Hoc|iPhoneSimulator
		{AA42077C-1C43-4CA0-AEF2-848085F6B93A}.Ad-Hoc|ARM.ActiveCfg = Ad-Hoc|iPhone
		{AA42077C-1C43-4CA0-AEF2-848085F6B93A}.Ad-Hoc|iPhone.ActiveCfg = Ad-Hoc|iPhone
		{AA42077C-1C43-4CA0-AEF2-848085F6B93A}.Ad-Hoc|iPhone.Build.0 = Ad-Hoc|iPhone
		{AA42077C-1C43-4CA0-AEF2-848085F6B93A}.Ad-Hoc|iPhoneSimulator.ActiveCfg = Ad-Hoc|iPhoneSimulator
		{AA42077C-1C43-4CA0-AEF2-848085F6B93A}.Ad-Hoc|iPhoneSimulator.Build.0 = Ad-Hoc|iPhoneSimulator
		{AA42077C-1C43-4CA0-AEF2-848085F6B93A}.Ad-Hoc|x64.ActiveCfg = Ad-Hoc|iPhone
		{AA42077C-1C43-4CA0-AEF2-848085F6B93A}.Ad-Hoc|x86.ActiveCfg = Ad-Hoc|iPhone
		{AA42077C-1C43-4CA0-AEF2-848085F6B93A}.AppStore|Any CPU.ActiveCfg = AppStore|iPhoneSimulator
		{AA42077C-1C43-4CA0-AEF2-848085F6B93A}.AppStore|ARM.ActiveCfg = AppStore|iPhone
		{AA42077C-1C43-4CA0-AEF2-848085F6B93A}.AppStore|iPhone.ActiveCfg = AppStore|iPhone
		{AA42077C-1C43-4CA0-AEF2-848085F6B93A}.AppStore|iPhone.Build.0 = AppStore|iPhone
		{AA42077C-1C43-4CA0-AEF2-848085F6B93A}.AppStore|iPhoneSimulator.ActiveCfg = AppStore|iPhoneSimulator
		{AA42077C-1C43-4CA0-AEF2-848085F6B93A}.AppStore|iPhoneSimulator.Build.0 = AppStore|iPhoneSimulator
		{AA42077C-1C43-4CA0-AEF2-848085F6B93A}.AppStore|x64.ActiveCfg = AppStore|iPhone
		{AA42077C-1C43-4CA0-AEF2-848085F6B93A}.AppStore|x86.ActiveCfg = AppStore|iPhone
		{AA42077C-1C43-4CA0-AEF2-848085F6B93A}.Debug|Any CPU.ActiveCfg = Debug|iPhoneSimulator
		{AA42077C-1C43-4CA0-AEF2-848085F6B93A}.Debug|ARM.ActiveCfg = Debug|iPhone
		{AA42077C-1C43-4CA0-AEF2-848085F6B93A}.Debug|iPhone.ActiveCfg = Debug|iPhone
		{AA42077C-1C43-4CA0-AEF2-848085F6B93A}.Debug|iPhone.Build.0 = Debug|iPhone
		{AA42077C-1C43-4CA0-AEF2-848085F6B93A}.Debug|iPhoneSimulator.ActiveCfg = Debug|iPhoneSimulator
		{AA42077C-1C43-4CA0-AEF2-848085F6B93A}.Debug|iPhoneSimulator.Build.0 = Debug|iPhoneSimulator
		{AA42077C-1C43-4CA0-AEF2-848085F6B93A}.Debug|x64.ActiveCfg = Debug|iPhone
		{AA42077C-1C43-4CA0-AEF2-848085F6B93A}.Debug|x86.ActiveCfg = Debug|iPhone
		{AA42077C-1C43-4CA0-AEF2-848085F6B93A}.Release|Any CPU.ActiveCfg = Release|iPhoneSimulator
		{AA42077C-1C43-4CA0-AEF2-848085F6B93A}.Release|ARM.ActiveCfg = Release|iPhone
		{AA42077C-1C43-4CA0-AEF2-848085F6B93A}.Release|iPhone.ActiveCfg = Release|iPhone
		{AA42077C-1C43-4CA0-AEF2-848085F6B93A}.Release|iPhone.Build.0 = Release|iPhone
		{AA42077C-1C43-4CA0-AEF2-848085F6B93A}.Release|iPhoneSimulator.ActiveCfg = Release|iPhoneSimulator
		{AA42077C-1C43-4CA0-AEF2-848085F6B93A}.Release|iPhoneSimulator.Build.0 = Release|iPhoneSimulator
		{AA42077C-1C43-4CA0-AEF2-848085F6B93A}.Release|x64.ActiveCfg = Release|iPhone
		{AA42077C-1C43-4CA0-AEF2-848085F6B93A}.Release|x86.ActiveCfg = Release|iPhone
	EndGlobalSection
	GlobalSection(SolutionProperties) = preSolution
		HideSolutionNode = FALSE
	EndGlobalSection
	GlobalSection(ExtensibilityGlobals) = postSolution
		SolutionGuid = {8FAC0072-5DA9-4ABF-B6F4-9C14B8C2CAAE}
	EndGlobalSection
EndGlobal
